
Microsoft Visual Studio Solution File, Format Version 12.00
# Visual Studio 15
VisualStudioVersion = 15.0.27703.2000
MinimumVisualStudioVersion = 10.0.40219.1
Project("{FAE04EC0-301F-11D3-BF4B-00C04F79EFBC}") = "GeoDistance", "GeoDistance\GeoDistance.csproj", "{AC1164A4-996A-4FCA-9C97-F4DF3799B26C}"
EndProject
Global
	GlobalSection(SolutionConfigurationPlatforms) = preSolution
		Debug|Any CPU = Debug|Any CPU
		Release|Any CPU = Release|Any CPU
	EndGlobalSection
	GlobalSection(ProjectConfigurationPlatforms) = postSolution
		{AC1164A4-996A-4FCA-9C97-F4DF3799B26C}.Debug|Any CPU.ActiveCfg = Debug|Any CPU
		{AC1164A4-996A-4FCA-9C97-F4DF3799B26C}.Debug|Any CPU.Build.0 = Debug|Any CPU
		{AC1164A4-996A-4FCA-9C97-F4DF3799B26C}.Release|Any CPU.ActiveCfg = Release|Any CPU
		{AC1164A4-996A-4FCA-9C97-F4DF3799B26C}.Release|Any CPU.Build.0 = Release|Any CPU
	EndGlobalSection
	GlobalSection(SolutionProperties) = preSolution
		HideSolutionNode = FALSE
	EndGlobalSection
	GlobalSection(ExtensibilityGlobals) = postSolution
		SolutionGuid = {8E44C52A-B160-4327-84E0-9B985015D7CF}
	EndGlobalSection
EndGlobal
